uuid: 9d488fd6-8849-4814-92eb-671270694aa2
langcode: en
status: true
dependencies:
  module:
    - block_field
    - paragraphs
id: paragraph.field_import_block
field_name: field_import_block
entity_type: paragraph
type: block_field
settings: {  }
module: block_field
locked: false
cardinality: 1
translatable: true
indexes: {  }
persist_with_no_fields: false
custom_storage: false
